
Microsoft Visual Studio Solution File, Format Version 12.00
# Visual Studio Version 16
VisualStudioVersion = 16.0.31515.178
MinimumVisualStudioVersion = 10.0.40219.1
Project("{FAE04EC0-301F-11D3-BF4B-00C04F79EFBC}") = "JohnLob.AdventureGame.ConsoleHost", "JohnLob.AdventureGame.ConsoleHost\JohnLob.AdventureGame.ConsoleHost.csproj", "{D6C687A4-11A2-4C44-801E-B746CCFD5F0E}"
EndProject
Project("{FAE04EC0-301F-11D3-BF4B-00C04F79EFBC}") = "JohnLob.AdventureGame", "JohnLob.AdventureGame\JohnLob.AdventureGame.csproj", "{0D6ED243-8099-4E0E-961F-F06D2844D9FF}"
EndProject
Global
	GlobalSection(SolutionConfigurationPlatforms) = preSolution
		Debug|Any CPU = Debug|Any CPU
		Release|Any CPU = Release|Any CPU
	EndGlobalSection
	GlobalSection(ProjectConfigurationPlatforms) = postSolution
		{D6C687A4-11A2-4C44-801E-B746CCFD5F0E}.Debug|Any CPU.ActiveCfg = Debug|Any CPU
		{D6C687A4-11A2-4C44-801E-B746CCFD5F0E}.Debug|Any CPU.Build.0 = Debug|Any CPU
		{D6C687A4-11A2-4C44-801E-B746CCFD5F0E}.Release|Any CPU.ActiveCfg = Release|Any CPU
		{D6C687A4-11A2-4C44-801E-B746CCFD5F0E}.Release|Any CPU.Build.0 = Release|Any CPU
		{0D6ED243-8099-4E0E-961F-F06D2844D9FF}.Debug|Any CPU.ActiveCfg = Debug|Any CPU
		{0D6ED243-8099-4E0E-961F-F06D2844D9FF}.Debug|Any CPU.Build.0 = Debug|Any CPU
		{0D6ED243-8099-4E0E-961F-F06D2844D9FF}.Release|Any CPU.ActiveCfg = Release|Any CPU
		{0D6ED243-8099-4E0E-961F-F06D2844D9FF}.Release|Any CPU.Build.0 = Release|Any CPU
	EndGlobalSection
	GlobalSection(SolutionProperties) = preSolution
		HideSolutionNode = FALSE
	EndGlobalSection
	GlobalSection(ExtensibilityGlobals) = postSolution
		SolutionGuid = {06EDD226-F2C3-487E-9BF6-0F5DA243FDE2}
	EndGlobalSection
EndGlobal
